
Microsoft Visual Studio Solution File, Format Version 12.00
# Visual Studio Version 17
VisualStudioVersion = 17.11.35327.3
MinimumVisualStudioVersion = 10.0.40219.1
Project("{FAE04EC0-301F-11D3-BF4B-00C04F79EFBC}") = "DevCard_MVC", "DevCard_MVC\DevCard_MVC.csproj", "{C3F1FB4B-4B00-444C-8BA6-8FE533604977}"
EndProject
Global
	GlobalSection(SolutionConfigurationPlatforms) = preSolution
		Debug|Any CPU = Debug|Any CPU
		Release|Any CPU = Release|Any CPU
	EndGlobalSection
	GlobalSection(ProjectConfigurationPlatforms) = postSolution
		{C3F1FB4B-4B00-444C-8BA6-8FE533604977}.Debug|Any CPU.ActiveCfg = Debug|Any CPU
		{C3F1FB4B-4B00-444C-8BA6-8FE533604977}.Debug|Any CPU.Build.0 = Debug|Any CPU
		{C3F1FB4B-4B00-444C-8BA6-8FE533604977}.Release|Any CPU.ActiveCfg = Release|Any CPU
		{C3F1FB4B-4B00-444C-8BA6-8FE533604977}.Release|Any CPU.Build.0 = Release|Any CPU
	EndGlobalSection
	GlobalSection(SolutionProperties) = preSolution
		HideSolutionNode = FALSE
	EndGlobalSection
	GlobalSection(ExtensibilityGlobals) = postSolution
		SolutionGuid = {A9516D60-0376-4A8C-A211-64013ECC5FFA}
	EndGlobalSection
EndGlobal
